
Microsoft Visual Studio Solution File, Format Version 12.00
# Visual Studio Version 17
VisualStudioVersion = 17.14.36301.6 d17.14
MinimumVisualStudioVersion = 10.0.40219.1
Project("{FAE04EC0-301F-11D3-BF4B-00C04F79EFBC}") = "Topic 3 - Keybaord Input", "Topic 2 - Numbers\Topic 3 - Keybaord Input.csproj", "{B6A55758-81F2-4ADC-9296-2BE24947A474}"
EndProject
Global
	GlobalSection(SolutionConfigurationPlatforms) = preSolution
		Debug|Any CPU = Debug|Any CPU
		Release|Any CPU = Release|Any CPU
	EndGlobalSection
	GlobalSection(ProjectConfigurationPlatforms) = postSolution
		{B6A55758-81F2-4ADC-9296-2BE24947A474}.Debug|Any CPU.ActiveCfg = Debug|Any CPU
		{B6A55758-81F2-4ADC-9296-2BE24947A474}.Debug|Any CPU.Build.0 = Debug|Any CPU
		{B6A55758-81F2-4ADC-9296-2BE24947A474}.Release|Any CPU.ActiveCfg = Release|Any CPU
		{B6A55758-81F2-4ADC-9296-2BE24947A474}.Release|Any CPU.Build.0 = Release|Any CPU
	EndGlobalSection
	GlobalSection(SolutionProperties) = preSolution
		HideSolutionNode = FALSE
	EndGlobalSection
	GlobalSection(ExtensibilityGlobals) = postSolution
		SolutionGuid = {957F11DC-78C0-4A53-B572-038D099C21EF}
	EndGlobalSection
EndGlobal
